{
  "name": "loopback-component-cas",
  "version": "1.0.0",
  "lockfileVersion": 1,
  "requires": true,
  "dependencies": {
    "app-module-path": {
      "version": "2.2.0",
      "resolved": "https://registry.npmjs.org/app-module-path/-/app-module-path-2.2.0.tgz",
      "integrity": "sha1-ZBqlXft9am8KgUHEucCqULbCTdU="
    },
    "argly": {
      "version": "1.2.0",
      "resolved": "https://registry.npmjs.org/argly/-/argly-1.2.0.tgz",
      "integrity": "sha1-KydORVGin/XnGZ0u2XiOtm7TbmA="
    },
    "assertion-error": {
      "version": "1.0.2",
      "resolved": "https://registry.npmjs.org/assertion-error/-/assertion-error-1.0.2.tgz",
      "integrity": "sha1-E8pRXYYgbaC6xm6DTdOX2HWBCUw="
    },
    "balanced-match": {
      "version": "1.0.0",
      "resolved": "https://registry.npmjs.org/balanced-match/-/balanced-match-1.0.0.tgz",
      "integrity": "sha1-ibTRmasr7kneFk6gK4nORi1xt2c="
    },
    "bluebird": {
      "version": "3.5.0",
      "resolved": "https://registry.npmjs.org/bluebird/-/bluebird-3.5.0.tgz",
      "integrity": "sha1-eRQg1/VR7qKJdFOop3ZT+WYG1nw="
    },
    "brace-expansion": {
      "version": "1.1.8",
      "resolved": "https://registry.npmjs.org/brace-expansion/-/brace-expansion-1.1.8.tgz",
      "integrity": "sha1-wHshHHyVLsH479Uad+8NHTmQopI=",
      "requires": {
        "balanced-match": "1.0.0",
        "concat-map": "0.0.1"
      }
    },
    "browser-refresh-client": {
      "version": "1.1.4",
      "resolved": "https://registry.npmjs.org/browser-refresh-client/-/browser-refresh-client-1.1.4.tgz",
      "integrity": "sha1-jl/4R1/h1UHSroH3oa6gWuIaYhc="
    },
    "chai": {
      "version": "3.5.0",
      "resolved": "https://registry.npmjs.org/chai/-/chai-3.5.0.tgz",
      "integrity": "sha1-TQJjewZ/6Vi9v906QOxW/vc3Mkc=",
      "requires": {
        "assertion-error": "1.0.2",
        "deep-eql": "0.1.3",
        "type-detect": "1.0.0"
      }
    },
    "char-props": {
      "version": "0.1.5",
      "resolved": "https://registry.npmjs.org/char-props/-/char-props-0.1.5.tgz",
      "integrity": "sha1-W5UvniDqIc0Iyn/hNaEPb+kcEJ4="
    },
    "complain": {
      "version": "1.0.0",
      "resolved": "https://registry.npmjs.org/complain/-/complain-1.0.0.tgz",
      "integrity": "sha1-18y740LfPr83IBss89iLbwDm9fU="
    },
    "concat-map": {
      "version": "0.0.1",
      "resolved": "https://registry.npmjs.org/concat-map/-/concat-map-0.0.1.tgz",
      "integrity": "sha1-2Klr13/Wjfd5OnMDajug1UBdR3s="
    },
    "debug": {
      "version": "3.0.1",
      "resolved": "https://registry.npmjs.org/debug/-/debug-3.0.1.tgz",
      "integrity": "sha512-6nVc6S36qbt/mutyt+UGMnawAMrPDZUPQjRZI3FS9tCtDRhvxJbK79unYBLPi+z5SLXQ3ftoVBFCblQtNSls8w==",
      "requires": {
        "ms": "2.0.0"
      }
    },
    "deep-eql": {
      "version": "0.1.3",
      "resolved": "https://registry.npmjs.org/deep-eql/-/deep-eql-0.1.3.tgz",
      "integrity": "sha1-71WKyrjeJSBs1xOQbXTlaTDrafI=",
      "requires": {
        "type-detect": "0.1.1"
      },
      "dependencies": {
        "type-detect": {
          "version": "0.1.1",
          "resolved": "https://registry.npmjs.org/type-detect/-/type-detect-0.1.1.tgz",
          "integrity": "sha1-C6XsKohWQORw6k6FBZcZANrFiCI="
        }
      }
    },
    "deep-is": {
      "version": "0.1.3",
      "resolved": "https://registry.npmjs.org/deep-is/-/deep-is-0.1.3.tgz",
      "integrity": "sha1-s2nW+128E+7PUk+RsHD+7cNXzzQ="
    },
    "deresolve": {
      "version": "1.1.2",
      "resolved": "https://registry.npmjs.org/deresolve/-/deresolve-1.1.2.tgz",
      "integrity": "sha1-nPI3nI0tYx3EuZVylLkOSnLLbOA=",
      "requires": {
        "lasso-package-root": "1.0.1",
        "raptor-polyfill": "1.0.2",
        "resolve-from": "1.0.1"
      },
      "dependencies": {
        "resolve-from": {
          "version": "1.0.1",
          "resolved": "https://registry.npmjs.org/resolve-from/-/resolve-from-1.0.1.tgz",
          "integrity": "sha1-Jsv+k10a7uq7Kbw/5a6wHpPUQiY="
        }
      }
    },
    "escodegen": {
      "version": "1.9.0",
      "resolved": "https://registry.npmjs.org/escodegen/-/escodegen-1.9.0.tgz",
      "integrity": "sha512-v0MYvNQ32bzwoG2OSFzWAkuahDQHK92JBN0pTAALJ4RIxEZe766QJPDR8Hqy7XNUy5K3fnVL76OqYAdc4TZEIw==",
      "requires": {
        "esprima": "3.1.3",
        "estraverse": "4.2.0",
        "esutils": "2.0.2",
        "optionator": "0.8.2",
        "source-map": "0.5.7"
      }
    },
    "esprima": {
      "version": "3.1.3",
      "resolved": "https://registry.npmjs.org/esprima/-/esprima-3.1.3.tgz",
      "integrity": "sha1-/cpRzuYTOJXjyI1TXOSdv/YqRjM="
    },
    "estraverse": {
      "version": "4.2.0",
      "resolved": "https://registry.npmjs.org/estraverse/-/estraverse-4.2.0.tgz",
      "integrity": "sha1-De4/7TH81GlhjOc0IJn8GvoL2xM="
    },
    "esutils": {
      "version": "2.0.2",
      "resolved": "https://registry.npmjs.org/esutils/-/esutils-2.0.2.tgz",
      "integrity": "sha1-Cr9PHKpbyx96nYrMbepPqqBLrJs="
    },
    "events": {
      "version": "1.1.1",
      "resolved": "https://registry.npmjs.org/events/-/events-1.1.1.tgz",
      "integrity": "sha1-nr23Y1rQmccNzEwqH1AEKI6L2SQ="
    },
    "events-light": {
      "version": "1.0.5",
      "resolved": "https://registry.npmjs.org/events-light/-/events-light-1.0.5.tgz",
      "integrity": "sha1-lk5jRQugr0prAiqpVbF//vZXte4=",
      "requires": {
        "chai": "3.5.0"
      }
    },
    "fast-levenshtein": {
      "version": "2.0.6",
      "resolved": "https://registry.npmjs.org/fast-levenshtein/-/fast-levenshtein-2.0.6.tgz",
      "integrity": "sha1-PYpcZog6FqMMqGQ+hR8Zuqd5eRc="
    },
    "he": {
      "version": "1.1.1",
      "resolved": "https://registry.npmjs.org/he/-/he-1.1.1.tgz",
      "integrity": "sha1-k0EP0hsAlzUVH4howvJx80J+I/0="
    },
    "htmljs-parser": {
      "version": "2.3.2",
      "resolved": "https://registry.npmjs.org/htmljs-parser/-/htmljs-parser-2.3.2.tgz",
      "integrity": "sha1-HMW/mCSgkcKIILM+r3gIOo6qhWw=",
      "requires": {
        "char-props": "0.1.5",
        "complain": "1.0.0"
      }
    },
    "lasso-caching-fs": {
      "version": "1.0.2",
      "resolved": "https://registry.npmjs.org/lasso-caching-fs/-/lasso-caching-fs-1.0.2.tgz",
      "integrity": "sha1-m+TrHwaqwSYDRMrq70LC8AhusQ0=",
      "requires": {
        "raptor-async": "1.1.3"
      }
    },
    "lasso-modules-client": {
      "version": "2.0.4",
      "resolved": "https://registry.npmjs.org/lasso-modules-client/-/lasso-modules-client-2.0.4.tgz",
      "integrity": "sha1-ALdwx8SnTBQpjZReucLbnFbYcOo=",
      "requires": {
        "lasso-package-root": "1.0.1",
        "raptor-polyfill": "1.0.2"
      }
    },
    "lasso-package-root": {
      "version": "1.0.1",
      "resolved": "https://registry.npmjs.org/lasso-package-root/-/lasso-package-root-1.0.1.tgz",
      "integrity": "sha1-mX0OcfQdA8Xw+gmlvCmNeW+LLCM=",
      "requires": {
        "lasso-caching-fs": "1.0.2"
      }
    },
    "levn": {
      "version": "0.3.0",
      "resolved": "https://registry.npmjs.org/levn/-/levn-0.3.0.tgz",
      "integrity": "sha1-OwmSTt+fCDwEkP3UwLxEIeBHZO4=",
      "requires": {
        "prelude-ls": "1.1.2",
        "type-check": "0.3.2"
      }
    },
    "listener-tracker": {
      "version": "2.0.0",
      "resolved": "https://registry.npmjs.org/listener-tracker/-/listener-tracker-2.0.0.tgz",
      "integrity": "sha1-OWCLQ1wJAfpVECF8FFJyjWvBm18="
    },
    "marko": {
      "version": "4.4.28",
      "resolved": "https://registry.npmjs.org/marko/-/marko-4.4.28.tgz",
      "integrity": "sha1-5p5sSnljmU7onMcwG9hhJmR50FE=",
      "requires": {
        "app-module-path": "2.2.0",
        "argly": "1.2.0",
        "browser-refresh-client": "1.1.4",
        "char-props": "0.1.5",
        "complain": "1.0.0",
        "deresolve": "1.1.2",
        "escodegen": "1.9.0",
        "esprima": "3.1.3",
        "estraverse": "4.2.0",
        "events": "1.1.1",
        "events-light": "1.0.5",
        "he": "1.1.1",
        "htmljs-parser": "2.3.2",
        "lasso-caching-fs": "1.0.2",
        "lasso-modules-client": "2.0.4",
        "lasso-package-root": "1.0.1",
        "listener-tracker": "2.0.0",
        "minimatch": "3.0.4",
        "object-assign": "4.1.1",
        "property-handlers": "1.1.1",
        "raptor-async": "1.1.3",
        "raptor-json": "1.1.0",
        "raptor-polyfill": "1.0.2",
        "raptor-promises": "1.0.3",
        "raptor-regexp": "1.0.1",
        "raptor-util": "3.2.0",
        "resolve-from": "2.0.0",
        "simple-sha1": "2.1.0",
        "strip-json-comments": "2.0.1",
        "try-require": "1.2.1",
        "warp10": "1.3.5"
      }
    },
    "minimatch": {
      "version": "3.0.4",
      "resolved": "https://registry.npmjs.org/minimatch/-/minimatch-3.0.4.tgz",
      "integrity": "sha512-yJHVQEhyqPLUTgt9B83PXu6W3rx4MvvHvSUvToogpwoGDOUQ+yDrR0HRot+yOCdCO7u4hX3pWft6kWBBcqh0UA==",
      "requires": {
        "brace-expansion": "1.1.8"
      }
    },
    "moment": {
      "version": "2.18.1",
      "resolved": "https://registry.npmjs.org/moment/-/moment-2.18.1.tgz",
      "integrity": "sha1-w2GT3Tzhwu7SrbfIAtu8d6gbHA8="
    },
    "ms": {
      "version": "2.0.0",
      "resolved": "https://registry.npmjs.org/ms/-/ms-2.0.0.tgz",
      "integrity": "sha1-VgiurfwAvmwpAd9fmGF4jeDVl8g="
    },
    "object-assign": {
      "version": "4.1.1",
      "resolved": "https://registry.npmjs.org/object-assign/-/object-assign-4.1.1.tgz",
      "integrity": "sha1-IQmtx5ZYh8/AXLvUQsrIv7s2CGM="
    },
    "optionator": {
      "version": "0.8.2",
      "resolved": "https://registry.npmjs.org/optionator/-/optionator-0.8.2.tgz",
      "integrity": "sha1-NkxeQJ0/TWMB1sC0wFu6UBgK62Q=",
      "requires": {
        "deep-is": "0.1.3",
        "fast-levenshtein": "2.0.6",
        "levn": "0.3.0",
        "prelude-ls": "1.1.2",
        "type-check": "0.3.2",
        "wordwrap": "1.0.0"
      }
    },
    "prelude-ls": {
      "version": "1.1.2",
      "resolved": "https://registry.npmjs.org/prelude-ls/-/prelude-ls-1.1.2.tgz",
      "integrity": "sha1-IZMqVJ9eUv/ZqCf1cOBL5iqX2lQ="
    },
    "property-handlers": {
      "version": "1.1.1",
      "resolved": "https://registry.npmjs.org/property-handlers/-/property-handlers-1.1.1.tgz",
      "integrity": "sha1-yyDTIqq32U//rCj0bJGGvVlHtLQ="
    },
    "q": {
      "version": "1.5.0",
      "resolved": "https://registry.npmjs.org/q/-/q-1.5.0.tgz",
      "integrity": "sha1-3QG6ydBtMObyGa7LglPunr3DCPE="
    },
    "raptor-async": {
      "version": "1.1.3",
      "resolved": "https://registry.npmjs.org/raptor-async/-/raptor-async-1.1.3.tgz",
      "integrity": "sha1-uDw8m2A9yYXCw6n3jStAc+b2Akw="
    },
    "raptor-json": {
      "version": "1.1.0",
      "resolved": "https://registry.npmjs.org/raptor-json/-/raptor-json-1.1.0.tgz",
      "integrity": "sha1-cL0JsU5k99MuxQzOg3fWApwPCHY=",
      "requires": {
        "raptor-strings": "1.0.2"
      }
    },
    "raptor-polyfill": {
      "version": "1.0.2",
      "resolved": "https://registry.npmjs.org/raptor-polyfill/-/raptor-polyfill-1.0.2.tgz",
      "integrity": "sha1-ZXW852JUDYRAVtcc7xFmJIj1E+0="
    },
    "raptor-promises": {
      "version": "1.0.3",
      "resolved": "https://registry.npmjs.org/raptor-promises/-/raptor-promises-1.0.3.tgz",
      "integrity": "sha1-1XaxEOBCNlT3/fFyHijULk3DwOs=",
      "requires": {
        "q": "1.5.0",
        "raptor-util": "1.1.2"
      },
      "dependencies": {
        "raptor-util": {
          "version": "1.1.2",
          "resolved": "https://registry.npmjs.org/raptor-util/-/raptor-util-1.1.2.tgz",
          "integrity": "sha1-8u6AdqmuPq4uZWcuRqIgB0+i3/M="
        }
      }
    },
    "raptor-regexp": {
      "version": "1.0.1",
      "resolved": "https://registry.npmjs.org/raptor-regexp/-/raptor-regexp-1.0.1.tgz",
      "integrity": "sha1-7PD2bGZxwM2fXkjDcFAmxVCZlcA="
    },
    "raptor-strings": {
      "version": "1.0.2",
      "resolved": "https://registry.npmjs.org/raptor-strings/-/raptor-strings-1.0.2.tgz",
      "integrity": "sha1-ks4ssBU6/pBHDYA5oCVbTPM6tfw=",
      "requires": {
        "raptor-polyfill": "1.0.2"
      }
    },
    "raptor-util": {
      "version": "3.2.0",
      "resolved": "https://registry.npmjs.org/raptor-util/-/raptor-util-3.2.0.tgz",
      "integrity": "sha1-I7DIA8jxrIocrmfZpjiLSRYcl1g="
    },
    "resolve-from": {
      "version": "2.0.0",
      "resolved": "https://registry.npmjs.org/resolve-from/-/resolve-from-2.0.0.tgz",
      "integrity": "sha1-lICrIOlP+h2egKgEx+oUdhGWa1c="
    },
    "rusha": {
      "version": "0.8.6",
      "resolved": "https://registry.npmjs.org/rusha/-/rusha-0.8.6.tgz",
      "integrity": "sha1-smTdqk1JodZzAAYYWLqTWMStyhQ="
    },
    "simple-sha1": {
      "version": "2.1.0",
      "resolved": "https://registry.npmjs.org/simple-sha1/-/simple-sha1-2.1.0.tgz",
      "integrity": "sha1-lCe7lv8SY8wQqEFM7dUaGLkZ6LM=",
      "requires": {
        "rusha": "0.8.6"
      }
    },
    "source-map": {
      "version": "0.5.7",
      "resolved": "https://registry.npmjs.org/source-map/-/source-map-0.5.7.tgz",
      "integrity": "sha1-igOdLRAh0i0eoUyA2OpGi6LvP8w=",
      "optional": true
    },
    "strip-json-comments": {
      "version": "2.0.1",
      "resolved": "https://registry.npmjs.org/strip-json-comments/-/strip-json-comments-2.0.1.tgz",
      "integrity": "sha1-PFMZQukIwml8DsNEhYwobHygpgo="
    },
    "try-require": {
      "version": "1.2.1",
      "resolved": "https://registry.npmjs.org/try-require/-/try-require-1.2.1.tgz",
      "integrity": "sha1-NEiaLKwMCcHMEO2RugEVlNQzO+I="
    },
    "type-check": {
      "version": "0.3.2",
      "resolved": "https://registry.npmjs.org/type-check/-/type-check-0.3.2.tgz",
      "integrity": "sha1-WITKtRLPHTVeP7eE8wgEsrUg23I=",
      "requires": {
        "prelude-ls": "1.1.2"
      }
    },
    "type-detect": {
      "version": "1.0.0",
      "resolved": "https://registry.npmjs.org/type-detect/-/type-detect-1.0.0.tgz",
      "integrity": "sha1-diIXzAbbJY7EiQihKY6LlRIejqI="
    },
    "warp10": {
      "version": "1.3.5",
      "resolved": "https://registry.npmjs.org/warp10/-/warp10-1.3.5.tgz",
      "integrity": "sha512-CFjLBZ0FgFH8RseJj8EIFgiUH7rrF1N/KUHRCoOOURGZM0ZWhlnRVy0I7WWE1s4rxqY/eWA/jBG3fzYXTwbyag=="
    },
    "wordwrap": {
      "version": "1.0.0",
      "resolved": "https://registry.npmjs.org/wordwrap/-/wordwrap-1.0.0.tgz",
      "integrity": "sha1-J1hIEIkUVqQXHI0CJkQa3pDLyus="
    }
  }
}
